
Microsoft Visual Studio Solution File, Format Version 12.00
# Visual Studio Version 17
VisualStudioVersion = 17.2.32519.379
MinimumVisualStudioVersion = 10.0.40219.1
Project("{FAE04EC0-301F-11D3-BF4B-00C04F79EFBC}") = "HelloWorldConsoleApp", "HelloWorldConsoleApp\HelloWorldConsoleApp.csproj", "{FC403DFC-56B5-4F07-A0EC-24D45AD5CED7}"
EndProject
Global
	GlobalSection(SolutionConfigurationPlatforms) = preSolution
		Debug|Any CPU = Debug|Any CPU
		Release|Any CPU = Release|Any CPU
	EndGlobalSection
	GlobalSection(ProjectConfigurationPlatforms) = postSolution
		{FC403DFC-56B5-4F07-A0EC-24D45AD5CED7}.Debug|Any CPU.ActiveCfg = Debug|Any CPU
		{FC403DFC-56B5-4F07-A0EC-24D45AD5CED7}.Debug|Any CPU.Build.0 = Debug|Any CPU
		{FC403DFC-56B5-4F07-A0EC-24D45AD5CED7}.Release|Any CPU.ActiveCfg = Release|Any CPU
		{FC403DFC-56B5-4F07-A0EC-24D45AD5CED7}.Release|Any CPU.Build.0 = Release|Any CPU
	EndGlobalSection
	GlobalSection(SolutionProperties) = preSolution
		HideSolutionNode = FALSE
	EndGlobalSection
	GlobalSection(ExtensibilityGlobals) = postSolution
		SolutionGuid = {73103630-0ED8-44E0-97E8-A46C49B12C48}
	EndGlobalSection
EndGlobal
